{
  "version": 4,
  "terraform_version": "1.4.2",
  "serial": 13,
  "lineage": "0d016d02-724f-1e34-1518-9315b9da1e28",
  "outputs": {},
  "resources": [
    {
      "mode": "managed",
      "type": "newrelic_synthetics_monitor",
      "name": "monitor",
      "provider": "provider[\"registry.terraform.io/newrelic/newrelic\"]",
      "instances": [
        {
          "schema_version": 0,
          "attributes": {
            "account_id": 4043746,
            "bypass_head_request": true,
            "custom_header": [],
            "device_orientation": "",
            "device_type": "",
            "enable_screenshot_on_failure_and_script": null,
            "id": "NDA0Mzc0NnxTWU5USHxNT05JVE9SfGY0YzAzZTFjLWMwZDktNGVmYS04MmE4LTdmN2NmZTg5ODc1YQ",
            "locations_private": null,
            "locations_public": [
              "AP_SOUTH_1"
            ],
            "name": "simple_monitor",
            "period": "EVERY_MINUTE",
            "period_in_minutes": 1,
            "runtime_type": null,
            "runtime_type_version": null,
            "script_language": null,
            "status": "ENABLED",
            "tag": [
              {
                "key": "some_key",
                "values": [
                  "some_value"
                ]
              }
            ],
            "treat_redirect_as_failure": true,
            "type": "SIMPLE",
            "uri": "https://www.thinkitlearntechnology.com/",
            "validation_string": "success",
            "verify_ssl": true
          },
          "sensitive_attributes": [],
          "private": "bnVsbA=="
        }
      ]
    }
  ],
  "check_results": null
}
